{
  "name": "dashbuilder-load-yaml",
  "version": "1.0.0",
  "lockfileVersion": 2,
  "requires": true,
  "packages": {
    "": {
      "name": "dashbuilder-load-yaml",
      "version": "1.0.0",
      "license": "ISC",
      "dependencies": {
        "@kie-tools/dashbuilder-client": "0.21.0"
      }
    },
    "node_modules/@kie-tools/dashbuilder-client": {
      "version": "0.21.0",
      "resolved": "https://registry.npmjs.org/@kie-tools/dashbuilder-client/-/dashbuilder-client-0.21.0.tgz",
      "integrity": "sha512-3y3VtYMmYJrQH8ggjtGEV70wrT/KKJmzxjbB7T2a1NsyPo4EBQneFmdxaQx6Bd0Txo5pSBGbb2FU3POh47UQSw=="
    }
  },
  "dependencies": {
    "@kie-tools/dashbuilder-client": {
      "version": "0.21.0",
      "resolved": "https://registry.npmjs.org/@kie-tools/dashbuilder-client/-/dashbuilder-client-0.21.0.tgz",
      "integrity": "sha512-3y3VtYMmYJrQH8ggjtGEV70wrT/KKJmzxjbB7T2a1NsyPo4EBQneFmdxaQx6Bd0Txo5pSBGbb2FU3POh47UQSw=="
    }
  }
}
